// !$*UTF8*$!
{ archiveVersion = 1; classes = {}; objectVersion = 56; objects = {
000000000000000000000300 = { isa = PBXFileReference; lastKnownFileType = sourcecode.swift; path = "Sources/ProjectBoard/AppTypography.swift"; sourceTree = SOURCE_ROOT; };
000000000000000000000301 = { isa = PBXBuildFile; fileRef = 000000000000000000000300; };
000000000000000000000302 = { isa = PBXBuildFile; fileRef = 000000000000000000000300; };
000000000000000000000209 = { isa = PBXBuildFile; fileRef = 0000000000000000000001F5; };
0000000000000000000001FF = { isa = PBXBuildFile; fileRef = 0000000000000000000001F5; };
0000000000000000000001F5 = { isa = PBXFileReference; lastKnownFileType = sourcecode.swift; path = "Sources/ProjectBoard/ProfileSettings.swift"; sourceTree = SOURCE_ROOT; };
000000000000000000000208 = { isa = PBXBuildFile; fileRef = 0000000000000000000001F4; };
0000000000000000000001FE = { isa = PBXBuildFile; fileRef = 0000000000000000000001F4; };
0000000000000000000001F4 = { isa = PBXFileReference; lastKnownFileType = sourcecode.swift; path = "Sources/BoardCore/BoardAppearance.swift"; sourceTree = SOURCE_ROOT; };
000000000000000000000041 = { isa = XCBuildConfiguration; buildSettings = { ICLOUD_ENVIRONMENT = Production; PUSH_ENVIRONMENT = production; CLOUD_SYNC_ENABLED = YES; SWIFT_VERSION = 5.0; CLANG_ENABLE_MODULES = YES; PRODUCT_BUNDLE_IDENTIFIER = com.braxtonhardman.ProjectBoard; PRODUCT_NAME = "$(TARGET_NAME)"; GENERATE_INFOPLIST_FILE = YES; MARKETING_VERSION = 1.1; CURRENT_PROJECT_VERSION = 2; CODE_SIGN_STYLE = Automatic; DEVELOPMENT_TEAM = 92F54J4WUJ; INFOPLIST_KEY_NSCalendarsFullAccessUsageDescription = "ProjectBoard adds task deadlines to the calendar you choose and updates events you previously added."; CODE_SIGN_ENTITLEMENTS = ProjectBoardPhoneCloud.entitlements; INFOPLIST_FILE = Info-iPhone.plist; SDKROOT = iphoneos; IPHONEOS_DEPLOYMENT_TARGET = 17.0; TARGETED_DEVICE_FAMILY = "1,2"; SUPPORTED_PLATFORMS = "iphoneos iphonesimulator"; SUPPORTS_MACCATALYST = NO; INFOPLIST_KEY_UILaunchScreen_Generation = YES; INFOPLIST_KEY_UIApplicationSceneManifest_Generation = YES; }; name = "Release-iCloud"; };
000000000000000000000040 = { isa = XCBuildConfiguration; buildSettings = { ICLOUD_ENVIRONMENT = Development; PUSH_ENVIRONMENT = development; CLOUD_SYNC_ENABLED = YES; SWIFT_VERSION = 5.0; CLANG_ENABLE_MODULES = YES; PRODUCT_BUNDLE_IDENTIFIER = com.braxtonhardman.ProjectBoard; PRODUCT_NAME = "$(TARGET_NAME)"; GENERATE_INFOPLIST_FILE = YES; MARKETING_VERSION = 1.1; CURRENT_PROJECT_VERSION = 2; CODE_SIGN_STYLE = Automatic; DEVELOPMENT_TEAM = 92F54J4WUJ; INFOPLIST_KEY_NSCalendarsFullAccessUsageDescription = "ProjectBoard adds task deadlines to the calendar you choose and updates events you previously added."; CODE_SIGN_ENTITLEMENTS = ProjectBoardPhoneCloud.entitlements; INFOPLIST_FILE = Info-iPhone.plist; SDKROOT = iphoneos; IPHONEOS_DEPLOYMENT_TARGET = 17.0; TARGETED_DEVICE_FAMILY = "1,2"; SUPPORTED_PLATFORMS = "iphoneos iphonesimulator"; SUPPORTS_MACCATALYST = NO; INFOPLIST_KEY_UILaunchScreen_Generation = YES; INFOPLIST_KEY_UIApplicationSceneManifest_Generation = YES; ONLY_ACTIVE_ARCH = YES; SWIFT_OPTIMIZATION_LEVEL = "-Onone"; DEBUG_INFORMATION_FORMAT = dwarf; }; name = "Debug-iCloud"; };
00000000000000000000002D = { isa = XCBuildConfiguration; buildSettings = { ICLOUD_ENVIRONMENT = Production; PUSH_ENVIRONMENT = production; CLOUD_SYNC_ENABLED = YES; SWIFT_VERSION = 5.0; CLANG_ENABLE_MODULES = YES; PRODUCT_BUNDLE_IDENTIFIER = com.braxtonhardman.ProjectBoard; PRODUCT_NAME = "$(TARGET_NAME)"; GENERATE_INFOPLIST_FILE = YES; MARKETING_VERSION = 1.1; CURRENT_PROJECT_VERSION = 2; CODE_SIGN_STYLE = Automatic; DEVELOPMENT_TEAM = 92F54J4WUJ; INFOPLIST_KEY_NSCalendarsFullAccessUsageDescription = "ProjectBoard adds task deadlines to the calendar you choose and updates events you previously added."; INFOPLIST_FILE = Info-Mac.plist; SDKROOT = macosx; MACOSX_DEPLOYMENT_TARGET = 14.0; INFOPLIST_KEY_LSApplicationCategoryType = "public.app-category.productivity"; ENABLE_APP_SANDBOX = YES; CODE_SIGN_ENTITLEMENTS = ProjectBoardCloud.entitlements; }; name = "Release-iCloud"; };
00000000000000000000002C = { isa = XCBuildConfiguration; buildSettings = { ICLOUD_ENVIRONMENT = Development; PUSH_ENVIRONMENT = development; CLOUD_SYNC_ENABLED = YES; SWIFT_VERSION = 5.0; CLANG_ENABLE_MODULES = YES; PRODUCT_BUNDLE_IDENTIFIER = com.braxtonhardman.ProjectBoard; PRODUCT_NAME = "$(TARGET_NAME)"; GENERATE_INFOPLIST_FILE = YES; MARKETING_VERSION = 1.1; CURRENT_PROJECT_VERSION = 2; CODE_SIGN_STYLE = Automatic; DEVELOPMENT_TEAM = 92F54J4WUJ; INFOPLIST_KEY_NSCalendarsFullAccessUsageDescription = "ProjectBoard adds task deadlines to the calendar you choose and updates events you previously added."; INFOPLIST_FILE = Info-Mac.plist; SDKROOT = macosx; MACOSX_DEPLOYMENT_TARGET = 14.0; INFOPLIST_KEY_LSApplicationCategoryType = "public.app-category.productivity"; ENABLE_APP_SANDBOX = YES; CODE_SIGN_ENTITLEMENTS = ProjectBoardCloud.entitlements; ONLY_ACTIVE_ARCH = YES; SWIFT_OPTIMIZATION_LEVEL = "-Onone"; DEBUG_INFORMATION_FORMAT = dwarf; }; name = "Debug-iCloud"; };
00000000000000000000002B = { isa = XCBuildConfiguration; buildSettings = { ICLOUD_ENVIRONMENT = Production; PUSH_ENVIRONMENT = production; CLOUD_SYNC_ENABLED = NO; SWIFT_VERSION = 5.0; CLANG_ENABLE_MODULES = YES; }; name = "Release-iCloud"; };
00000000000000000000002A = { isa = XCBuildConfiguration; buildSettings = { ICLOUD_ENVIRONMENT = Development; PUSH_ENVIRONMENT = development; CLOUD_SYNC_ENABLED = NO; SWIFT_VERSION = 5.0; CLANG_ENABLE_MODULES = YES; ONLY_ACTIVE_ARCH = YES; SWIFT_OPTIMIZATION_LEVEL = "-Onone"; DEBUG_INFORMATION_FORMAT = dwarf; }; name = "Debug-iCloud"; };
00000000000000000000019C = { isa = PBXBuildFile; fileRef = 00000000000000000000019A; };
00000000000000000000019B = { isa = PBXBuildFile; fileRef = 00000000000000000000019A; };
00000000000000000000019A = { isa = PBXFileReference; lastKnownFileType = sourcecode.swift; path = "Sources/ProjectBoard/SyncStatus.swift"; sourceTree = SOURCE_ROOT; };
000000000000000000000064 = { isa = PBXFileReference; lastKnownFileType = sourcecode.swift; path = "Sources/BoardCore/BoardTypes.swift"; sourceTree = SOURCE_ROOT; };
0000000000000000000000C8 = { isa = PBXBuildFile; fileRef = 000000000000000000000064; };
00000000000000000000012C = { isa = PBXBuildFile; fileRef = 000000000000000000000064; };
000000000000000000000065 = { isa = PBXFileReference; lastKnownFileType = sourcecode.swift; path = "Sources/BoardCore/DeadlineEvent.swift"; sourceTree = SOURCE_ROOT; };
0000000000000000000000C9 = { isa = PBXBuildFile; fileRef = 000000000000000000000065; };
00000000000000000000012D = { isa = PBXBuildFile; fileRef = 000000000000000000000065; };
000000000000000000000066 = { isa = PBXFileReference; lastKnownFileType = sourcecode.swift; path = "Sources/ProjectBoard/CalendarIntegration.swift"; sourceTree = SOURCE_ROOT; };
0000000000000000000000CA = { isa = PBXBuildFile; fileRef = 000000000000000000000066; };
00000000000000000000012E = { isa = PBXBuildFile; fileRef = 000000000000000000000066; };
000000000000000000000067 = { isa = PBXFileReference; lastKnownFileType = sourcecode.swift; path = "Sources/ProjectBoard/ContentView.swift"; sourceTree = SOURCE_ROOT; };
0000000000000000000000CB = { isa = PBXBuildFile; fileRef = 000000000000000000000067; };
00000000000000000000012F = { isa = PBXBuildFile; fileRef = 000000000000000000000067; };
000000000000000000000068 = { isa = PBXFileReference; lastKnownFileType = sourcecode.swift; path = "Sources/ProjectBoard/Models.swift"; sourceTree = SOURCE_ROOT; };
0000000000000000000000CC = { isa = PBXBuildFile; fileRef = 000000000000000000000068; };
000000000000000000000130 = { isa = PBXBuildFile; fileRef = 000000000000000000000068; };
000000000000000000000069 = { isa = PBXFileReference; lastKnownFileType = sourcecode.swift; path = "Sources/ProjectBoard/ProjectBoardApp.swift"; sourceTree = SOURCE_ROOT; };
0000000000000000000000CD = { isa = PBXBuildFile; fileRef = 000000000000000000000069; };
000000000000000000000131 = { isa = PBXBuildFile; fileRef = 000000000000000000000069; };
00000000000000000000006A = { isa = PBXFileReference; lastKnownFileType = sourcecode.swift; path = "Sources/ProjectBoard/TaskEditor.swift"; sourceTree = SOURCE_ROOT; };
0000000000000000000000CE = { isa = PBXBuildFile; fileRef = 00000000000000000000006A; };
000000000000000000000132 = { isa = PBXBuildFile; fileRef = 00000000000000000000006A; };
000000000000000000000001 = { isa = PBXProject; attributes = { LastUpgradeCheck = 1600; }; buildConfigurationList = 00000000000000000000000A; compatibilityVersion = "Xcode 14.0"; developmentRegion = en; knownRegions = (en, Base); mainGroup = 000000000000000000000002; productRefGroup = 000000000000000000000003; projectDirPath = ""; projectRoot = ""; targets = (000000000000000000000004,000000000000000000000018); };
000000000000000000000002 = { isa = PBXGroup; children = (000000000000000000000300,0000000000000000000001F5,0000000000000000000001F4,00000000000000000000019A,000000000000000000000064,000000000000000000000065,000000000000000000000066,000000000000000000000067,000000000000000000000068,000000000000000000000069,00000000000000000000006A,000000000000000000000003); sourceTree = "<group>"; };
000000000000000000000003 = { isa = PBXGroup; children = (000000000000000000000005,000000000000000000000019); name = Products; sourceTree = "<group>"; };
000000000000000000000005 = { isa = PBXFileReference; explicitFileType = wrapper.application; path = "ProjectBoard.app"; sourceTree = BUILT_PRODUCTS_DIR; };
000000000000000000000004 = { isa = PBXNativeTarget; buildConfigurationList = 00000000000000000000000B; buildPhases = (000000000000000000000006,000000000000000000000007,000000000000000000000008); buildRules = (); dependencies = (); name = "ProjectBoard"; productName = "ProjectBoard"; productReference = 000000000000000000000005; productType = "com.apple.product-type.application"; };
000000000000000000000006 = { isa = PBXSourcesBuildPhase; buildActionMask = 2147483647; files = (000000000000000000000301,0000000000000000000001FF,0000000000000000000001FE,00000000000000000000019B,0000000000000000000000C8,0000000000000000000000C9,0000000000000000000000CA,0000000000000000000000CB,0000000000000000000000CC,0000000000000000000000CD,0000000000000000000000CE); runOnlyForDeploymentPostprocessing = 0; };
000000000000000000000007 = { isa = PBXFrameworksBuildPhase; buildActionMask = 2147483647; files = (); runOnlyForDeploymentPostprocessing = 0; };
000000000000000000000008 = { isa = PBXResourcesBuildPhase; buildActionMask = 2147483647; files = (); runOnlyForDeploymentPostprocessing = 0; };
000000000000000000000019 = { isa = PBXFileReference; explicitFileType = wrapper.application; path = "ProjectBoard iPhone.app"; sourceTree = BUILT_PRODUCTS_DIR; };
000000000000000000000018 = { isa = PBXNativeTarget; buildConfigurationList = 00000000000000000000001F; buildPhases = (00000000000000000000001A,00000000000000000000001B,00000000000000000000001C); buildRules = (); dependencies = (); name = "ProjectBoard iPhone"; productName = "ProjectBoard iPhone"; productReference = 000000000000000000000019; productType = "com.apple.product-type.application"; };
00000000000000000000001A = { isa = PBXSourcesBuildPhase; buildActionMask = 2147483647; files = (000000000000000000000302,000000000000000000000209,000000000000000000000208,00000000000000000000019C,00000000000000000000012C,00000000000000000000012D,00000000000000000000012E,00000000000000000000012F,000000000000000000000130,000000000000000000000131,000000000000000000000132); runOnlyForDeploymentPostprocessing = 0; };
00000000000000000000001B = { isa = PBXFrameworksBuildPhase; buildActionMask = 2147483647; files = (); runOnlyForDeploymentPostprocessing = 0; };
00000000000000000000001C = { isa = PBXResourcesBuildPhase; buildActionMask = 2147483647; files = (); runOnlyForDeploymentPostprocessing = 0; };
00000000000000000000000A = { isa = XCConfigurationList; buildConfigurations = (00000000000000000000000C,00000000000000000000000D,00000000000000000000002A,00000000000000000000002B); defaultConfigurationIsVisible = 0; defaultConfigurationName = Release; };
00000000000000000000000B = { isa = XCConfigurationList; buildConfigurations = (00000000000000000000000E,00000000000000000000000F,00000000000000000000002C,00000000000000000000002D); defaultConfigurationIsVisible = 0; defaultConfigurationName = Release; };
00000000000000000000001F = { isa = XCConfigurationList; buildConfigurations = (000000000000000000000022,000000000000000000000023,000000000000000000000040,000000000000000000000041); defaultConfigurationIsVisible = 0; defaultConfigurationName = Release; };
00000000000000000000000C = { isa = XCBuildConfiguration; buildSettings = { CLOUD_SYNC_ENABLED = NO; SWIFT_VERSION = 5.0; CLANG_ENABLE_MODULES = YES; ONLY_ACTIVE_ARCH = YES; SWIFT_OPTIMIZATION_LEVEL = "-Onone"; DEBUG_INFORMATION_FORMAT = dwarf; }; name = Debug; };
00000000000000000000000D = { isa = XCBuildConfiguration; buildSettings = { CLOUD_SYNC_ENABLED = NO; SWIFT_VERSION = 5.0; CLANG_ENABLE_MODULES = YES; }; name = Release; };
00000000000000000000000E = { isa = XCBuildConfiguration; buildSettings = { CLOUD_SYNC_ENABLED = NO; SWIFT_VERSION = 5.0; CLANG_ENABLE_MODULES = YES; PRODUCT_BUNDLE_IDENTIFIER = com.braxtonhardman.ProjectBoard; PRODUCT_NAME = "$(TARGET_NAME)"; GENERATE_INFOPLIST_FILE = YES; MARKETING_VERSION = 1.1; CURRENT_PROJECT_VERSION = 2; CODE_SIGN_STYLE = Automatic; DEVELOPMENT_TEAM = 92F54J4WUJ; INFOPLIST_KEY_NSCalendarsFullAccessUsageDescription = "ProjectBoard adds task deadlines to the calendar you choose and updates events you previously added."; INFOPLIST_FILE = Info-Mac.plist; SDKROOT = macosx; MACOSX_DEPLOYMENT_TARGET = 14.0; INFOPLIST_KEY_LSApplicationCategoryType = "public.app-category.productivity"; ENABLE_APP_SANDBOX = YES; CODE_SIGN_ENTITLEMENTS = ProjectBoard.entitlements; ONLY_ACTIVE_ARCH = YES; SWIFT_OPTIMIZATION_LEVEL = "-Onone"; DEBUG_INFORMATION_FORMAT = dwarf; }; name = Debug; };
00000000000000000000000F = { isa = XCBuildConfiguration; buildSettings = { CLOUD_SYNC_ENABLED = NO; SWIFT_VERSION = 5.0; CLANG_ENABLE_MODULES = YES; PRODUCT_BUNDLE_IDENTIFIER = com.braxtonhardman.ProjectBoard; PRODUCT_NAME = "$(TARGET_NAME)"; GENERATE_INFOPLIST_FILE = YES; MARKETING_VERSION = 1.1; CURRENT_PROJECT_VERSION = 2; CODE_SIGN_STYLE = Automatic; DEVELOPMENT_TEAM = 92F54J4WUJ; INFOPLIST_KEY_NSCalendarsFullAccessUsageDescription = "ProjectBoard adds task deadlines to the calendar you choose and updates events you previously added."; INFOPLIST_FILE = Info-Mac.plist; SDKROOT = macosx; MACOSX_DEPLOYMENT_TARGET = 14.0; INFOPLIST_KEY_LSApplicationCategoryType = "public.app-category.productivity"; ENABLE_APP_SANDBOX = YES; CODE_SIGN_ENTITLEMENTS = ProjectBoard.entitlements; }; name = Release; };
000000000000000000000022 = { isa = XCBuildConfiguration; buildSettings = { CLOUD_SYNC_ENABLED = NO; SWIFT_VERSION = 5.0; CLANG_ENABLE_MODULES = YES; PRODUCT_BUNDLE_IDENTIFIER = com.braxtonhardman.ProjectBoard; PRODUCT_NAME = "$(TARGET_NAME)"; GENERATE_INFOPLIST_FILE = YES; MARKETING_VERSION = 1.1; CURRENT_PROJECT_VERSION = 2; CODE_SIGN_STYLE = Automatic; DEVELOPMENT_TEAM = 92F54J4WUJ; INFOPLIST_KEY_NSCalendarsFullAccessUsageDescription = "ProjectBoard adds task deadlines to the calendar you choose and updates events you previously added."; INFOPLIST_FILE = Info-iPhone.plist; SDKROOT = iphoneos; IPHONEOS_DEPLOYMENT_TARGET = 17.0; TARGETED_DEVICE_FAMILY = "1,2"; SUPPORTED_PLATFORMS = "iphoneos iphonesimulator"; SUPPORTS_MACCATALYST = NO; INFOPLIST_KEY_UILaunchScreen_Generation = YES; INFOPLIST_KEY_UIApplicationSceneManifest_Generation = YES; ONLY_ACTIVE_ARCH = YES; SWIFT_OPTIMIZATION_LEVEL = "-Onone"; DEBUG_INFORMATION_FORMAT = dwarf; }; name = Debug; };
000000000000000000000023 = { isa = XCBuildConfiguration; buildSettings = { CLOUD_SYNC_ENABLED = NO; SWIFT_VERSION = 5.0; CLANG_ENABLE_MODULES = YES; PRODUCT_BUNDLE_IDENTIFIER = com.braxtonhardman.ProjectBoard; PRODUCT_NAME = "$(TARGET_NAME)"; GENERATE_INFOPLIST_FILE = YES; MARKETING_VERSION = 1.1; CURRENT_PROJECT_VERSION = 2; CODE_SIGN_STYLE = Automatic; DEVELOPMENT_TEAM = 92F54J4WUJ; INFOPLIST_KEY_NSCalendarsFullAccessUsageDescription = "ProjectBoard adds task deadlines to the calendar you choose and updates events you previously added."; INFOPLIST_FILE = Info-iPhone.plist; SDKROOT = iphoneos; IPHONEOS_DEPLOYMENT_TARGET = 17.0; TARGETED_DEVICE_FAMILY = "1,2"; SUPPORTED_PLATFORMS = "iphoneos iphonesimulator"; SUPPORTS_MACCATALYST = NO; INFOPLIST_KEY_UILaunchScreen_Generation = YES; INFOPLIST_KEY_UIApplicationSceneManifest_Generation = YES; }; name = Release; };
}; rootObject = 000000000000000000000001; }
